
Microsoft Visual Studio Solution File, Format Version 12.00
# Visual Studio 15
VisualStudioVersion = 15.0.28307.489
MinimumVisualStudioVersion = 10.0.40219.1
Project("{FAE04EC0-301F-11D3-BF4B-00C04F79EFBC}") = "BankClient", "BankClient\BankClient.csproj", "{C12092CD-4AE8-4A8F-B0E2-C6434CBFB81C}"
EndProject
Project("{FAE04EC0-301F-11D3-BF4B-00C04F79EFBC}") = "BankServer", "BankServer\BankServer.csproj", "{7A6D06B3-168C-4BD8-8A99-F8E2B8DA218A}"
EndProject
Project("{FAE04EC0-301F-11D3-BF4B-00C04F79EFBC}") = "Bank", "Bank\Bank.csproj", "{A55A18C8-F92A-4CBB-B2D0-F0112FF993C0}"
EndProject
Global
	GlobalSection(SolutionConfigurationPlatforms) = preSolution
		Debug|Any CPU = Debug|Any CPU
		Release|Any CPU = Release|Any CPU
	EndGlobalSection
	GlobalSection(ProjectConfigurationPlatforms) = postSolution
		{C12092CD-4AE8-4A8F-B0E2-C6434CBFB81C}.Debug|Any CPU.ActiveCfg = Debug|Any CPU
		{C12092CD-4AE8-4A8F-B0E2-C6434CBFB81C}.Debug|Any CPU.Build.0 = Debug|Any CPU
		{C12092CD-4AE8-4A8F-B0E2-C6434CBFB81C}.Release|Any CPU.ActiveCfg = Release|Any CPU
		{C12092CD-4AE8-4A8F-B0E2-C6434CBFB81C}.Release|Any CPU.Build.0 = Release|Any CPU
		{7A6D06B3-168C-4BD8-8A99-F8E2B8DA218A}.Debug|Any CPU.ActiveCfg = Debug|Any CPU
		{7A6D06B3-168C-4BD8-8A99-F8E2B8DA218A}.Debug|Any CPU.Build.0 = Debug|Any CPU
		{7A6D06B3-168C-4BD8-8A99-F8E2B8DA218A}.Release|Any CPU.ActiveCfg = Release|Any CPU
		{7A6D06B3-168C-4BD8-8A99-F8E2B8DA218A}.Release|Any CPU.Build.0 = Release|Any CPU
		{A55A18C8-F92A-4CBB-B2D0-F0112FF993C0}.Debug|Any CPU.ActiveCfg = Debug|Any CPU
		{A55A18C8-F92A-4CBB-B2D0-F0112FF993C0}.Debug|Any CPU.Build.0 = Debug|Any CPU
		{A55A18C8-F92A-4CBB-B2D0-F0112FF993C0}.Release|Any CPU.ActiveCfg = Release|Any CPU
		{A55A18C8-F92A-4CBB-B2D0-F0112FF993C0}.Release|Any CPU.Build.0 = Release|Any CPU
	EndGlobalSection
	GlobalSection(SolutionProperties) = preSolution
		HideSolutionNode = FALSE
	EndGlobalSection
	GlobalSection(ExtensibilityGlobals) = postSolution
		SolutionGuid = {166435B1-CD3F-411A-B268-DE0402B29FDF}
	EndGlobalSection
EndGlobal
